
Microsoft Visual Studio Solution File, Format Version 12.00
# Visual Studio Version 16
VisualStudioVersion = 16.0.30320.27
MinimumVisualStudioVersion = 10.0.40219.1
Project("{FAE04EC0-301F-11D3-BF4B-00C04F79EFBC}") = "AutoChess", "AutoChess\AutoChess.csproj", "{A3516373-F874-4456-A6F0-BEEC589E8E02}"
EndProject
Global
	GlobalSection(SolutionConfigurationPlatforms) = preSolution
		Debug|Any CPU = Debug|Any CPU
		Release|Any CPU = Release|Any CPU
	EndGlobalSection
	GlobalSection(ProjectConfigurationPlatforms) = postSolution
		{A3516373-F874-4456-A6F0-BEEC589E8E02}.Debug|Any CPU.ActiveCfg = Debug|Any CPU
		{A3516373-F874-4456-A6F0-BEEC589E8E02}.Debug|Any CPU.Build.0 = Debug|Any CPU
		{A3516373-F874-4456-A6F0-BEEC589E8E02}.Release|Any CPU.ActiveCfg = Release|Any CPU
		{A3516373-F874-4456-A6F0-BEEC589E8E02}.Release|Any CPU.Build.0 = Release|Any CPU
	EndGlobalSection
	GlobalSection(SolutionProperties) = preSolution
		HideSolutionNode = FALSE
	EndGlobalSection
	GlobalSection(ExtensibilityGlobals) = postSolution
		SolutionGuid = {EC873443-9276-446A-9F4A-870EA5A39AE1}
	EndGlobalSection
EndGlobal
